
Microsoft Visual Studio Solution File, Format Version 12.00
# Visual Studio Version 16
VisualStudioVersion = 16.0.30114.105
MinimumVisualStudioVersion = 10.0.40219.1
Project("{FAE04EC0-301F-11D3-BF4B-00C04F79EFBC}") = "ProEventos.Application", "ProEventos.Application\ProEventos.Application.csproj", "{181630C0-8F6E-4CE4-949D-38919FC09BD2}"
EndProject
Project("{FAE04EC0-301F-11D3-BF4B-00C04F79EFBC}") = "ProEventos.Domain", "ProEventos.Domain\ProEventos.Domain.csproj", "{3BB17373-C992-42B2-A12F-92E824711CC5}"
EndProject
Project("{FAE04EC0-301F-11D3-BF4B-00C04F79EFBC}") = "ProEventos.Persistence", "ProEventos.Persistence\ProEventos.Persistence.csproj", "{9E7A6B11-A0AD-4245-91BB-5A124534EBBF}"
EndProject
Project("{FAE04EC0-301F-11D3-BF4B-00C04F79EFBC}") = "ProEventos.API", "ProEventos.API\ProEventos.API.csproj", "{1978BE86-D607-437A-AFA7-B30C26332087}"
EndProject
Global
	GlobalSection(SolutionConfigurationPlatforms) = preSolution
		Debug|Any CPU = Debug|Any CPU
		Debug|x64 = Debug|x64
		Debug|x86 = Debug|x86
		Release|Any CPU = Release|Any CPU
		Release|x64 = Release|x64
		Release|x86 = Release|x86
	EndGlobalSection
	GlobalSection(SolutionProperties) = preSolution
		HideSolutionNode = FALSE
	EndGlobalSection
	GlobalSection(ProjectConfigurationPlatforms) = postSolution
		{181630C0-8F6E-4CE4-949D-38919FC09BD2}.Debug|Any CPU.ActiveCfg = Debug|Any CPU
		{181630C0-8F6E-4CE4-949D-38919FC09BD2}.Debug|Any CPU.Build.0 = Debug|Any CPU
		{181630C0-8F6E-4CE4-949D-38919FC09BD2}.Debug|x64.ActiveCfg = Debug|Any CPU
		{181630C0-8F6E-4CE4-949D-38919FC09BD2}.Debug|x64.Build.0 = Debug|Any CPU
		{181630C0-8F6E-4CE4-949D-38919FC09BD2}.Debug|x86.ActiveCfg = Debug|Any CPU
		{181630C0-8F6E-4CE4-949D-38919FC09BD2}.Debug|x86.Build.0 = Debug|Any CPU
		{181630C0-8F6E-4CE4-949D-38919FC09BD2}.Release|Any CPU.ActiveCfg = Release|Any CPU
		{181630C0-8F6E-4CE4-949D-38919FC09BD2}.Release|Any CPU.Build.0 = Release|Any CPU
		{181630C0-8F6E-4CE4-949D-38919FC09BD2}.Release|x64.ActiveCfg = Release|Any CPU
		{181630C0-8F6E-4CE4-949D-38919FC09BD2}.Release|x64.Build.0 = Release|Any CPU
		{181630C0-8F6E-4CE4-949D-38919FC09BD2}.Release|x86.ActiveCfg = Release|Any CPU
		{181630C0-8F6E-4CE4-949D-38919FC09BD2}.Release|x86.Build.0 = Release|Any CPU
		{3BB17373-C992-42B2-A12F-92E824711CC5}.Debug|Any CPU.ActiveCfg = Debug|Any CPU
		{3BB17373-C992-42B2-A12F-92E824711CC5}.Debug|Any CPU.Build.0 = Debug|Any CPU
		{3BB17373-C992-42B2-A12F-92E824711CC5}.Debug|x64.ActiveCfg = Debug|Any CPU
		{3BB17373-C992-42B2-A12F-92E824711CC5}.Debug|x64.Build.0 = Debug|Any CPU
		{3BB17373-C992-42B2-A12F-92E824711CC5}.Debug|x86.ActiveCfg = Debug|Any CPU
		{3BB17373-C992-42B2-A12F-92E824711CC5}.Debug|x86.Build.0 = Debug|Any CPU
		{3BB17373-C992-42B2-A12F-92E824711CC5}.Release|Any CPU.ActiveCfg = Release|Any CPU
		{3BB17373-C992-42B2-A12F-92E824711CC5}.Release|Any CPU.Build.0 = Release|Any CPU
		{3BB17373-C992-42B2-A12F-92E824711CC5}.Release|x64.ActiveCfg = Release|Any CPU
		{3BB17373-C992-42B2-A12F-92E824711CC5}.Release|x64.Build.0 = Release|Any CPU
		{3BB17373-C992-42B2-A12F-92E824711CC5}.Release|x86.ActiveCfg = Release|Any CPU
		{3BB17373-C992-42B2-A12F-92E824711CC5}.Release|x86.Build.0 = Release|Any CPU
		{9E7A6B11-A0AD-4245-91BB-5A124534EBBF}.Debug|Any CPU.ActiveCfg = Debug|Any CPU
		{9E7A6B11-A0AD-4245-91BB-5A124534EBBF}.Debug|Any CPU.Build.0 = Debug|Any CPU
		{9E7A6B11-A0AD-4245-91BB-5A124534EBBF}.Debug|x64.ActiveCfg = Debug|Any CPU
		{9E7A6B11-A0AD-4245-91BB-5A124534EBBF}.Debug|x64.Build.0 = Debug|Any CPU
		{9E7A6B11-A0AD-4245-91BB-5A124534EBBF}.Debug|x86.ActiveCfg = Debug|Any CPU
		{9E7A6B11-A0AD-4245-91BB-5A124534EBBF}.Debug|x86.Build.0 = Debug|Any CPU
		{9E7A6B11-A0AD-4245-91BB-5A124534EBBF}.Release|Any CPU.ActiveCfg = Release|Any CPU
		{9E7A6B11-A0AD-4245-91BB-5A124534EBBF}.Release|Any CPU.Build.0 = Release|Any CPU
		{9E7A6B11-A0AD-4245-91BB-5A124534EBBF}.Release|x64.ActiveCfg = Release|Any CPU
		{9E7A6B11-A0AD-4245-91BB-5A124534EBBF}.Release|x64.Build.0 = Release|Any CPU
		{9E7A6B11-A0AD-4245-91BB-5A124534EBBF}.Release|x86.ActiveCfg = Release|Any CPU
		{9E7A6B11-A0AD-4245-91BB-5A124534EBBF}.Release|x86.Build.0 = Release|Any CPU
		{1978BE86-D607-437A-AFA7-B30C26332087}.Debug|Any CPU.ActiveCfg = Debug|Any CPU
		{1978BE86-D607-437A-AFA7-B30C26332087}.Debug|Any CPU.Build.0 = Debug|Any CPU
		{1978BE86-D607-437A-AFA7-B30C26332087}.Debug|x64.ActiveCfg = Debug|Any CPU
		{1978BE86-D607-437A-AFA7-B30C26332087}.Debug|x64.Build.0 = Debug|Any CPU
		{1978BE86-D607-437A-AFA7-B30C26332087}.Debug|x86.ActiveCfg = Debug|Any CPU
		{1978BE86-D607-437A-AFA7-B30C26332087}.Debug|x86.Build.0 = Debug|Any CPU
		{1978BE86-D607-437A-AFA7-B30C26332087}.Release|Any CPU.ActiveCfg = Release|Any CPU
		{1978BE86-D607-437A-AFA7-B30C26332087}.Release|Any CPU.Build.0 = Release|Any CPU
		{1978BE86-D607-437A-AFA7-B30C26332087}.Release|x64.ActiveCfg = Release|Any CPU
		{1978BE86-D607-437A-AFA7-B30C26332087}.Release|x64.Build.0 = Release|Any CPU
		{1978BE86-D607-437A-AFA7-B30C26332087}.Release|x86.ActiveCfg = Release|Any CPU
		{1978BE86-D607-437A-AFA7-B30C26332087}.Release|x86.Build.0 = Release|Any CPU
	EndGlobalSection
EndGlobal
